
Microsoft Visual Studio Solution File, Format Version 12.00
# Visual Studio Version 16
VisualStudioVersion = 16.0.30611.23
MinimumVisualStudioVersion = 10.0.40219.1
Project("{9A19103F-16F7-4668-BE54-9A1E7A4F7556}") = "01.BuilderPattern", "1.BuilderPattern\01.BuilderPattern.csproj", "{FFD3DF81-B79B-4332-A58B-AE3BDD74AF94}"
EndProject
Project("{9A19103F-16F7-4668-BE54-9A1E7A4F7556}") = "02.FactoryPattern", "2.FactoryPattern\02.FactoryPattern.csproj", "{F013B89C-A8AC-4000-A34E-041D7D8DA1D2}"
EndProject
Project("{9A19103F-16F7-4668-BE54-9A1E7A4F7556}") = "03.PrototypePattern", "3.PrototypePattern\03.PrototypePattern.csproj", "{A06F65A5-1C6B-4463-8054-40FE5B8E887F}"
EndProject
Project("{9A19103F-16F7-4668-BE54-9A1E7A4F7556}") = "04.SingletonPattern", "4.SingletonPattern\04.SingletonPattern.csproj", "{85D3AA34-A530-4703-914B-D035DD10D01F}"
EndProject
Project("{9A19103F-16F7-4668-BE54-9A1E7A4F7556}") = "05.AdapterPattern", "5.AdapterPattern\05.AdapterPattern.csproj", "{289AF616-E79D-49B7-AB9E-AFE1405CCEEF}"
EndProject
Project("{9A19103F-16F7-4668-BE54-9A1E7A4F7556}") = "06.BridgePattern", "6.BridgePattern\06.BridgePattern.csproj", "{4040EA7D-DADC-4A7E-A045-2A0F623EA546}"
EndProject
Project("{9A19103F-16F7-4668-BE54-9A1E7A4F7556}") = "07.CompositePattern", "7.CompositePattern\07.CompositePattern.csproj", "{974BADB1-6344-4C46-BB46-B3FA91DF8027}"
EndProject
Project("{9A19103F-16F7-4668-BE54-9A1E7A4F7556}") = "08.DecoratorPattern", "8.DecoratorPattern\08.DecoratorPattern.csproj", "{A29D1A42-C07F-42E0-894A-93A2A21E02E5}"
EndProject
Project("{9A19103F-16F7-4668-BE54-9A1E7A4F7556}") = "09.FacadePattern", "9.FacadePattern\09.FacadePattern.csproj", "{42125D42-3B39-4468-89FF-59E2909E687C}"
EndProject
Project("{9A19103F-16F7-4668-BE54-9A1E7A4F7556}") = "10.FlyweightPattern", "10.FlyweightPattern\10.FlyweightPattern.csproj", "{1149840A-5F18-47BA-8FD0-ACBED287B36B}"
EndProject
Project("{9A19103F-16F7-4668-BE54-9A1E7A4F7556}") = "11.ProxyPattern", "11.ProxyPattern\11.ProxyPattern.csproj", "{14909B6C-DFC1-471D-9EF2-E26513CB3A7F}"
EndProject
Project("{9A19103F-16F7-4668-BE54-9A1E7A4F7556}") = "12.ChainOfResponsibilityPattern", "12.ChainOfResponsibilityPattern\12.ChainOfResponsibilityPattern.csproj", "{1129EEB7-8C7D-4889-8C98-DBB0DBFA3036}"
EndProject
Project("{9A19103F-16F7-4668-BE54-9A1E7A4F7556}") = "13.CommandPattern", "13.CommandPattern\13.CommandPattern.csproj", "{2EA39386-32FC-4BA0-80F0-34A5C1E4FBA5}"
EndProject
Project("{9A19103F-16F7-4668-BE54-9A1E7A4F7556}") = "14.IteratorPattern", "14.IteratorPattern\14.IteratorPattern.csproj", "{352E9A03-AE4F-4AB8-BE3F-807774532BD6}"
EndProject
Project("{9A19103F-16F7-4668-BE54-9A1E7A4F7556}") = "15.MediatorPattern", "15.MediatorPattern\15.MediatorPattern.csproj", "{C8DCFF04-336C-4427-B6AA-1F6F4899686D}"
EndProject
Project("{9A19103F-16F7-4668-BE54-9A1E7A4F7556}") = "16.MementoPattern", "16.MementoPattern\16.MementoPattern.csproj", "{2CC71E3B-C0AE-47C2-8402-418E1AEA9C70}"
EndProject
Project("{9A19103F-16F7-4668-BE54-9A1E7A4F7556}") = "17.ObserverPattern", "17.ObserverPattern\17.ObserverPattern.csproj", "{C419661F-8002-4F90-BE82-19DB40042336}"
EndProject
Project("{9A19103F-16F7-4668-BE54-9A1E7A4F7556}") = "18.StatePattern", "18.StatePattern\18.StatePattern.csproj", "{8F9487D7-4DE3-4F2E-BCFC-A51FDE42950D}"
EndProject
Project("{9A19103F-16F7-4668-BE54-9A1E7A4F7556}") = "19.TemplateMethodPattern", "19.TemplateMethodPattern\19.TemplateMethodPattern.csproj", "{74555A59-EB24-47DE-959D-A0F7FD4CC32A}"
EndProject
Project("{9A19103F-16F7-4668-BE54-9A1E7A4F7556}") = "20.StrategyPattern", "20.StrategyPattern\20.StrategyPattern.csproj", "{9DB6E538-DB2C-47F8-A8B4-5913814302BA}"
EndProject
Project("{9A19103F-16F7-4668-BE54-9A1E7A4F7556}") = "21.VisitorPattern", "21.VisitorPattern\21.VisitorPattern.csproj", "{1C6BAD77-1925-4BF5-BDF1-744376C0E16A}"
EndProject
Global
	GlobalSection(SolutionConfigurationPlatforms) = preSolution
		Debug|Any CPU = Debug|Any CPU
		Release|Any CPU = Release|Any CPU
	EndGlobalSection
	GlobalSection(ProjectConfigurationPlatforms) = postSolution
		{FFD3DF81-B79B-4332-A58B-AE3BDD74AF94}.Debug|Any CPU.ActiveCfg = Debug|Any CPU
		{FFD3DF81-B79B-4332-A58B-AE3BDD74AF94}.Debug|Any CPU.Build.0 = Debug|Any CPU
		{FFD3DF81-B79B-4332-A58B-AE3BDD74AF94}.Release|Any CPU.ActiveCfg = Release|Any CPU
		{FFD3DF81-B79B-4332-A58B-AE3BDD74AF94}.Release|Any CPU.Build.0 = Release|Any CPU
		{F013B89C-A8AC-4000-A34E-041D7D8DA1D2}.Debug|Any CPU.ActiveCfg = Debug|Any CPU
		{F013B89C-A8AC-4000-A34E-041D7D8DA1D2}.Debug|Any CPU.Build.0 = Debug|Any CPU
		{F013B89C-A8AC-4000-A34E-041D7D8DA1D2}.Release|Any CPU.ActiveCfg = Release|Any CPU
		{F013B89C-A8AC-4000-A34E-041D7D8DA1D2}.Release|Any CPU.Build.0 = Release|Any CPU
		{A06F65A5-1C6B-4463-8054-40FE5B8E887F}.Debug|Any CPU.ActiveCfg = Debug|Any CPU
		{A06F65A5-1C6B-4463-8054-40FE5B8E887F}.Debug|Any CPU.Build.0 = Debug|Any CPU
		{A06F65A5-1C6B-4463-8054-40FE5B8E887F}.Release|Any CPU.ActiveCfg = Release|Any CPU
		{A06F65A5-1C6B-4463-8054-40FE5B8E887F}.Release|Any CPU.Build.0 = Release|Any CPU
		{85D3AA34-A530-4703-914B-D035DD10D01F}.Debug|Any CPU.ActiveCfg = Debug|Any CPU
		{85D3AA34-A530-4703-914B-D035DD10D01F}.Debug|Any CPU.Build.0 = Debug|Any CPU
		{85D3AA34-A530-4703-914B-D035DD10D01F}.Release|Any CPU.ActiveCfg = Release|Any CPU
		{85D3AA34-A530-4703-914B-D035DD10D01F}.Release|Any CPU.Build.0 = Release|Any CPU
		{289AF616-E79D-49B7-AB9E-AFE1405CCEEF}.Debug|Any CPU.ActiveCfg = Debug|Any CPU
		{289AF616-E79D-49B7-AB9E-AFE1405CCEEF}.Debug|Any CPU.Build.0 = Debug|Any CPU
		{289AF616-E79D-49B7-AB9E-AFE1405CCEEF}.Release|Any CPU.ActiveCfg = Release|Any CPU
		{289AF616-E79D-49B7-AB9E-AFE1405CCEEF}.Release|Any CPU.Build.0 = Release|Any CPU
		{4040EA7D-DADC-4A7E-A045-2A0F623EA546}.Debug|Any CPU.ActiveCfg = Debug|Any CPU
		{4040EA7D-DADC-4A7E-A045-2A0F623EA546}.Debug|Any CPU.Build.0 = Debug|Any CPU
		{4040EA7D-DADC-4A7E-A045-2A0F623EA546}.Release|Any CPU.ActiveCfg = Release|Any CPU
		{4040EA7D-DADC-4A7E-A045-2A0F623EA546}.Release|Any CPU.Build.0 = Release|Any CPU
		{974BADB1-6344-4C46-BB46-B3FA91DF8027}.Debug|Any CPU.ActiveCfg = Debug|Any CPU
		{974BADB1-6344-4C46-BB46-B3FA91DF8027}.Debug|Any CPU.Build.0 = Debug|Any CPU
		{974BADB1-6344-4C46-BB46-B3FA91DF8027}.Release|Any CPU.ActiveCfg = Release|Any CPU
		{974BADB1-6344-4C46-BB46-B3FA91DF8027}.Release|Any CPU.Build.0 = Release|Any CPU
		{A29D1A42-C07F-42E0-894A-93A2A21E02E5}.Debug|Any CPU.ActiveCfg = Debug|Any CPU
		{A29D1A42-C07F-42E0-894A-93A2A21E02E5}.Debug|Any CPU.Build.0 = Debug|Any CPU
		{A29D1A42-C07F-42E0-894A-93A2A21E02E5}.Release|Any CPU.ActiveCfg = Release|Any CPU
		{A29D1A42-C07F-42E0-894A-93A2A21E02E5}.Release|Any CPU.Build.0 = Release|Any CPU
		{42125D42-3B39-4468-89FF-59E2909E687C}.Debug|Any CPU.ActiveCfg = Debug|Any CPU
		{42125D42-3B39-4468-89FF-59E2909E687C}.Debug|Any CPU.Build.0 = Debug|Any CPU
		{42125D42-3B39-4468-89FF-59E2909E687C}.Release|Any CPU.ActiveCfg = Release|Any CPU
		{42125D42-3B39-4468-89FF-59E2909E687C}.Release|Any CPU.Build.0 = Release|Any CPU
		{1149840A-5F18-47BA-8FD0-ACBED287B36B}.Debug|Any CPU.ActiveCfg = Debug|Any CPU
		{1149840A-5F18-47BA-8FD0-ACBED287B36B}.Debug|Any CPU.Build.0 = Debug|Any CPU
		{1149840A-5F18-47BA-8FD0-ACBED287B36B}.Release|Any CPU.ActiveCfg = Release|Any CPU
		{1149840A-5F18-47BA-8FD0-ACBED287B36B}.Release|Any CPU.Build.0 = Release|Any CPU
		{14909B6C-DFC1-471D-9EF2-E26513CB3A7F}.Debug|Any CPU.ActiveCfg = Debug|Any CPU
		{14909B6C-DFC1-471D-9EF2-E26513CB3A7F}.Debug|Any CPU.Build.0 = Debug|Any CPU
		{14909B6C-DFC1-471D-9EF2-E26513CB3A7F}.Release|Any CPU.ActiveCfg = Release|Any CPU
		{14909B6C-DFC1-471D-9EF2-E26513CB3A7F}.Release|Any CPU.Build.0 = Release|Any CPU
		{1129EEB7-8C7D-4889-8C98-DBB0DBFA3036}.Debug|Any CPU.ActiveCfg = Debug|Any CPU
		{1129EEB7-8C7D-4889-8C98-DBB0DBFA3036}.Debug|Any CPU.Build.0 = Debug|Any CPU
		{1129EEB7-8C7D-4889-8C98-DBB0DBFA3036}.Release|Any CPU.ActiveCfg = Release|Any CPU
		{1129EEB7-8C7D-4889-8C98-DBB0DBFA3036}.Release|Any CPU.Build.0 = Release|Any CPU
		{2EA39386-32FC-4BA0-80F0-34A5C1E4FBA5}.Debug|Any CPU.ActiveCfg = Debug|Any CPU
		{2EA39386-32FC-4BA0-80F0-34A5C1E4FBA5}.Debug|Any CPU.Build.0 = Debug|Any CPU
		{2EA39386-32FC-4BA0-80F0-34A5C1E4FBA5}.Release|Any CPU.ActiveCfg = Release|Any CPU
		{2EA39386-32FC-4BA0-80F0-34A5C1E4FBA5}.Release|Any CPU.Build.0 = Release|Any CPU
		{352E9A03-AE4F-4AB8-BE3F-807774532BD6}.Debug|Any CPU.ActiveCfg = Debug|Any CPU
		{352E9A03-AE4F-4AB8-BE3F-807774532BD6}.Debug|Any CPU.Build.0 = Debug|Any CPU
		{352E9A03-AE4F-4AB8-BE3F-807774532BD6}.Release|Any CPU.ActiveCfg = Release|Any CPU
		{352E9A03-AE4F-4AB8-BE3F-807774532BD6}.Release|Any CPU.Build.0 = Release|Any CPU
		{C8DCFF04-336C-4427-B6AA-1F6F4899686D}.Debug|Any CPU.ActiveCfg = Debug|Any CPU
		{C8DCFF04-336C-4427-B6AA-1F6F4899686D}.Debug|Any CPU.Build.0 = Debug|Any CPU
		{C8DCFF04-336C-4427-B6AA-1F6F4899686D}.Release|Any CPU.ActiveCfg = Release|Any CPU
		{C8DCFF04-336C-4427-B6AA-1F6F4899686D}.Release|Any CPU.Build.0 = Release|Any CPU
		{2CC71E3B-C0AE-47C2-8402-418E1AEA9C70}.Debug|Any CPU.ActiveCfg = Debug|Any CPU
		{2CC71E3B-C0AE-47C2-8402-418E1AEA9C70}.Debug|Any CPU.Build.0 = Debug|Any CPU
		{2CC71E3B-C0AE-47C2-8402-418E1AEA9C70}.Release|Any CPU.ActiveCfg = Release|Any CPU
		{2CC71E3B-C0AE-47C2-8402-418E1AEA9C70}.Release|Any CPU.Build.0 = Release|Any CPU
		{C419661F-8002-4F90-BE82-19DB40042336}.Debug|Any CPU.ActiveCfg = Debug|Any CPU
		{C419661F-8002-4F90-BE82-19DB40042336}.Debug|Any CPU.Build.0 = Debug|Any CPU
		{C419661F-8002-4F90-BE82-19DB40042336}.Release|Any CPU.ActiveCfg = Release|Any CPU
		{C419661F-8002-4F90-BE82-19DB40042336}.Release|Any CPU.Build.0 = Release|Any CPU
		{8F9487D7-4DE3-4F2E-BCFC-A51FDE42950D}.Debug|Any CPU.ActiveCfg = Debug|Any CPU
		{8F9487D7-4DE3-4F2E-BCFC-A51FDE42950D}.Debug|Any CPU.Build.0 = Debug|Any CPU
		{8F9487D7-4DE3-4F2E-BCFC-A51FDE42950D}.Release|Any CPU.ActiveCfg = Release|Any CPU
		{8F9487D7-4DE3-4F2E-BCFC-A51FDE42950D}.Release|Any CPU.Build.0 = Release|Any CPU
		{74555A59-EB24-47DE-959D-A0F7FD4CC32A}.Debug|Any CPU.ActiveCfg = Debug|Any CPU
		{74555A59-EB24-47DE-959D-A0F7FD4CC32A}.Debug|Any CPU.Build.0 = Debug|Any CPU
		{74555A59-EB24-47DE-959D-A0F7FD4CC32A}.Release|Any CPU.ActiveCfg = Release|Any CPU
		{74555A59-EB24-47DE-959D-A0F7FD4CC32A}.Release|Any CPU.Build.0 = Release|Any CPU
		{9DB6E538-DB2C-47F8-A8B4-5913814302BA}.Debug|Any CPU.ActiveCfg = Debug|Any CPU
		{9DB6E538-DB2C-47F8-A8B4-5913814302BA}.Debug|Any CPU.Build.0 = Debug|Any CPU
		{9DB6E538-DB2C-47F8-A8B4-5913814302BA}.Release|Any CPU.ActiveCfg = Release|Any CPU
		{9DB6E538-DB2C-47F8-A8B4-5913814302BA}.Release|Any CPU.Build.0 = Release|Any CPU
		{1C6BAD77-1925-4BF5-BDF1-744376C0E16A}.Debug|Any CPU.ActiveCfg = Debug|Any CPU
		{1C6BAD77-1925-4BF5-BDF1-744376C0E16A}.Debug|Any CPU.Build.0 = Debug|Any CPU
		{1C6BAD77-1925-4BF5-BDF1-744376C0E16A}.Release|Any CPU.ActiveCfg = Release|Any CPU
		{1C6BAD77-1925-4BF5-BDF1-744376C0E16A}.Release|Any CPU.Build.0 = Release|Any CPU
	EndGlobalSection
	GlobalSection(SolutionProperties) = preSolution
		HideSolutionNode = FALSE
	EndGlobalSection
	GlobalSection(ExtensibilityGlobals) = postSolution
		SolutionGuid = {3C57343E-4607-487C-9897-3923BC907EA4}
	EndGlobalSection
EndGlobal
