
Microsoft Visual Studio Solution File, Format Version 12.00
# Visual Studio Version 16
VisualStudioVersion = 16.0.30611.23
MinimumVisualStudioVersion = 10.0.40219.1
Project("{9A19103F-16F7-4668-BE54-9A1E7A4F7556}") = "1.BuilderPattern", "1.BuilderPattern\1.BuilderPattern.csproj", "{FFD3DF81-B79B-4332-A58B-AE3BDD74AF94}"
EndProject
Project("{FAE04EC0-301F-11D3-BF4B-00C04F79EFBC}") = "2.FactoryPattern", "2.FactoryPattern\2.FactoryPattern.csproj", "{F013B89C-A8AC-4000-A34E-041D7D8DA1D2}"
EndProject
Global
	GlobalSection(SolutionConfigurationPlatforms) = preSolution
		Debug|Any CPU = Debug|Any CPU
		Release|Any CPU = Release|Any CPU
	EndGlobalSection
	GlobalSection(ProjectConfigurationPlatforms) = postSolution
		{FFD3DF81-B79B-4332-A58B-AE3BDD74AF94}.Debug|Any CPU.ActiveCfg = Debug|Any CPU
		{FFD3DF81-B79B-4332-A58B-AE3BDD74AF94}.Debug|Any CPU.Build.0 = Debug|Any CPU
		{FFD3DF81-B79B-4332-A58B-AE3BDD74AF94}.Release|Any CPU.ActiveCfg = Release|Any CPU
		{FFD3DF81-B79B-4332-A58B-AE3BDD74AF94}.Release|Any CPU.Build.0 = Release|Any CPU
		{F013B89C-A8AC-4000-A34E-041D7D8DA1D2}.Debug|Any CPU.ActiveCfg = Debug|Any CPU
		{F013B89C-A8AC-4000-A34E-041D7D8DA1D2}.Debug|Any CPU.Build.0 = Debug|Any CPU
		{F013B89C-A8AC-4000-A34E-041D7D8DA1D2}.Release|Any CPU.ActiveCfg = Release|Any CPU
		{F013B89C-A8AC-4000-A34E-041D7D8DA1D2}.Release|Any CPU.Build.0 = Release|Any CPU
	EndGlobalSection
	GlobalSection(SolutionProperties) = preSolution
		HideSolutionNode = FALSE
	EndGlobalSection
	GlobalSection(ExtensibilityGlobals) = postSolution
		SolutionGuid = {3C57343E-4607-487C-9897-3923BC907EA4}
	EndGlobalSection
EndGlobal
